// !$*UTF8*$!
{
	archiveVersion = 1;
	classes = {
	};
	objectVersion = 46;
	objects = {

/* Begin PBXBuildFile section */
		21ED7B7341F50FE81DA616E0 /* Pods_AudiohTests.framework in Frameworks */ = {isa = PBXBuildFile; fileRef = 7FBF092ECD5182B4733BC0CB /* Pods_AudiohTests.framework */; };
		4062A5F34F76190AD7E52428 /* Pods_AudiohUITests.framework in Frameworks */ = {isa = PBXBuildFile; fileRef = BA1FD757FE82CBAD3E80556B /* Pods_AudiohUITests.framework */; };
		533E7C5E1E2EBDD700E2D35F /* User.swift in Sources */ = {isa = PBXBuildFile; fileRef = 533E7C5D1E2EBDD700E2D35F /* User.swift */; };
		5367EB861E2EAF4B00D4AC8B /* SpotifyAudioPlayback.framework in Frameworks */ = {isa = PBXBuildFile; fileRef = 5367EB841E2EAF4B00D4AC8B /* SpotifyAudioPlayback.framework */; };
		5367EB871E2EAF4B00D4AC8B /* SpotifyAuthentication.framework in Frameworks */ = {isa = PBXBuildFile; fileRef = 5367EB851E2EAF4B00D4AC8B /* SpotifyAuthentication.framework */; };
		53CE9B551E2EAAAC00279818 /* AppDelegate.swift in Sources */ = {isa = PBXBuildFile; fileRef = 53CE9B541E2EAAAC00279818 /* AppDelegate.swift */; };
		53CE9B5A1E2EAAAC00279818 /* Main.storyboard in Resources */ = {isa = PBXBuildFile; fileRef = 53CE9B581E2EAAAC00279818 /* Main.storyboard */; };
		53CE9B5C1E2EAAAC00279818 /* Assets.xcassets in Resources */ = {isa = PBXBuildFile; fileRef = 53CE9B5B1E2EAAAC00279818 /* Assets.xcassets */; };
		53CE9B5F1E2EAAAC00279818 /* LaunchScreen.storyboard in Resources */ = {isa = PBXBuildFile; fileRef = 53CE9B5D1E2EAAAC00279818 /* LaunchScreen.storyboard */; };
		53CE9B6A1E2EAAAC00279818 /* AudiohTests.swift in Sources */ = {isa = PBXBuildFile; fileRef = 53CE9B691E2EAAAC00279818 /* AudiohTests.swift */; };
		53CE9B751E2EAAAC00279818 /* AudiohUITests.swift in Sources */ = {isa = PBXBuildFile; fileRef = 53CE9B741E2EAAAC00279818 /* AudiohUITests.swift */; };
		E458D560DBCCFEEAC84814C7 /* Pods_Audioh.framework in Frameworks */ = {isa = PBXBuildFile; fileRef = 7572CDF000FA3B0ACF9CC3B3 /* Pods_Audioh.framework */; };
/* End PBXBuildFile section */

/* Begin PBXContainerItemProxy section */
		53CE9B661E2EAAAC00279818 /* PBXContainerItemProxy */ = {
			isa = PBXContainerItemProxy;
			containerPortal = 53CE9B491E2EAAAC00279818 /* Project object */;
			proxyType = 1;
			remoteGlobalIDString = 53CE9B501E2EAAAC00279818;
			remoteInfo = Audioh;
		};
		53CE9B711E2EAAAC00279818 /* PBXContainerItemProxy */ = {
			isa = PBXContainerItemProxy;
			containerPortal = 53CE9B491E2EAAAC00279818 /* Project object */;
			proxyType = 1;
			remoteGlobalIDString = 53CE9B501E2EAAAC00279818;
			remoteInfo = Audioh;
		};
/* End PBXContainerItemProxy section */

/* Begin PBXFileReference section */
		062422CDD793CD3A0BE431F4 /* Pods-Audioh.release.xcconfig */ = {isa = PBXFileReference; includeInIndex = 1; lastKnownFileType = text.xcconfig; name = "Pods-Audioh.release.xcconfig"; path = "Pods/Target Support Files/Pods-Audioh/Pods-Audioh.release.xcconfig"; sourceTree = "<group>"; };
		38818837BF5725D7A9230608 /* Pods-Audioh.debug.xcconfig */ = {isa = PBXFileReference; includeInIndex = 1; lastKnownFileType = text.xcconfig; name = "Pods-Audioh.debug.xcconfig"; path = "Pods/Target Support Files/Pods-Audioh/Pods-Audioh.debug.xcconfig"; sourceTree = "<group>"; };
		533E7C5D1E2EBDD700E2D35F /* User.swift */ = {isa = PBXFileReference; fileEncoding = 4; lastKnownFileType = sourcecode.swift; path = User.swift; sourceTree = "<group>"; };
		5367EB841E2EAF4B00D4AC8B /* SpotifyAudioPlayback.framework */ = {isa = PBXFileReference; lastKnownFileType = wrapper.framework; path = SpotifyAudioPlayback.framework; sourceTree = "<group>"; };
		5367EB851E2EAF4B00D4AC8B /* SpotifyAuthentication.framework */ = {isa = PBXFileReference; lastKnownFileType = wrapper.framework; path = SpotifyAuthentication.framework; sourceTree = "<group>"; };
		53872E2B1E2EC2FE003C20A9 /* Audioh-Bridging-Header.h */ = {isa = PBXFileReference; lastKnownFileType = sourcecode.c.h; path = "Audioh-Bridging-Header.h"; sourceTree = "<group>"; };
		53CE9B511E2EAAAC00279818 /* Audioh.app */ = {isa = PBXFileReference; explicitFileType = wrapper.application; includeInIndex = 0; path = Audioh.app; sourceTree = BUILT_PRODUCTS_DIR; };
		53CE9B541E2EAAAC00279818 /* AppDelegate.swift */ = {isa = PBXFileReference; lastKnownFileType = sourcecode.swift; path = AppDelegate.swift; sourceTree = "<group>"; };
		53CE9B591E2EAAAC00279818 /* Base */ = {isa = PBXFileReference; lastKnownFileType = file.storyboard; name = Base; path = Base.lproj/Main.storyboard; sourceTree = "<group>"; };
		53CE9B5B1E2EAAAC00279818 /* Assets.xcassets */ = {isa = PBXFileReference; lastKnownFileType = folder.assetcatalog; path = Assets.xcassets; sourceTree = "<group>"; };
		53CE9B5E1E2EAAAC00279818 /* Base */ = {isa = PBXFileReference; lastKnownFileType = file.storyboard; name = Base; path = Base.lproj/LaunchScreen.storyboard; sourceTree = "<group>"; };
		53CE9B601E2EAAAC00279818 /* Info.plist */ = {isa = PBXFileReference; lastKnownFileType = text.plist.xml; path = Info.plist; sourceTree = "<group>"; };
		53CE9B651E2EAAAC00279818 /* AudiohTests.xctest */ = {isa = PBXFileReference; explicitFileType = wrapper.cfbundle; includeInIndex = 0; path = AudiohTests.xctest; sourceTree = BUILT_PRODUCTS_DIR; };
		53CE9B691E2EAAAC00279818 /* AudiohTests.swift */ = {isa = PBXFileReference; lastKnownFileType = sourcecode.swift; path = AudiohTests.swift; sourceTree = "<group>"; };
		53CE9B6B1E2EAAAC00279818 /* Info.plist */ = {isa = PBXFileReference; lastKnownFileType = text.plist.xml; path = Info.plist; sourceTree = "<group>"; };
		53CE9B701E2EAAAC00279818 /* AudiohUITests.xctest */ = {isa = PBXFileReference; explicitFileType = wrapper.cfbundle; includeInIndex = 0; path = AudiohUITests.xctest; sourceTree = BUILT_PRODUCTS_DIR; };
		53CE9B741E2EAAAC00279818 /* AudiohUITests.swift */ = {isa = PBXFileReference; lastKnownFileType = sourcecode.swift; path = AudiohUITests.swift; sourceTree = "<group>"; };
		53CE9B761E2EAAAC00279818 /* Info.plist */ = {isa = PBXFileReference; lastKnownFileType = text.plist.xml; path = Info.plist; sourceTree = "<group>"; };
		610B7E7A9260E6209D5FA907 /* Pods-AudiohUITests.release.xcconfig */ = {isa = PBXFileReference; includeInIndex = 1; lastKnownFileType = text.xcconfig; name = "Pods-AudiohUITests.release.xcconfig"; path = "Pods/Target Support Files/Pods-AudiohUITests/Pods-AudiohUITests.release.xcconfig"; sourceTree = "<group>"; };
		688AA0DF4E89723C79911D6A /* Pods-AudiohTests.release.xcconfig */ = {isa = PBXFileReference; includeInIndex = 1; lastKnownFileType = text.xcconfig; name = "Pods-AudiohTests.release.xcconfig"; path = "Pods/Target Support Files/Pods-AudiohTests/Pods-AudiohTests.release.xcconfig"; sourceTree = "<group>"; };
		7572CDF000FA3B0ACF9CC3B3 /* Pods_Audioh.framework */ = {isa = PBXFileReference; explicitFileType = wrapper.framework; includeInIndex = 0; path = Pods_Audioh.framework; sourceTree = BUILT_PRODUCTS_DIR; };
		7FBF092ECD5182B4733BC0CB /* Pods_AudiohTests.framework */ = {isa = PBXFileReference; explicitFileType = wrapper.framework; includeInIndex = 0; path = Pods_AudiohTests.framework; sourceTree = BUILT_PRODUCTS_DIR; };
		B832B89894FD1B78C5BB5DFD /* Pods-AudiohUITests.debug.xcconfig */ = {isa = PBXFileReference; includeInIndex = 1; lastKnownFileType = text.xcconfig; name = "Pods-AudiohUITests.debug.xcconfig"; path = "Pods/Target Support Files/Pods-AudiohUITests/Pods-AudiohUITests.debug.xcconfig"; sourceTree = "<group>"; };
		BA1FD757FE82CBAD3E80556B /* Pods_AudiohUITests.framework */ = {isa = PBXFileReference; explicitFileType = wrapper.framework; includeInIndex = 0; path = Pods_AudiohUITests.framework; sourceTree = BUILT_PRODUCTS_DIR; };
		C34C8747CAE110398F2B3180 /* Pods-AudiohTests.debug.xcconfig */ = {isa = PBXFileReference; includeInIndex = 1; lastKnownFileType = text.xcconfig; name = "Pods-AudiohTests.debug.xcconfig"; path = "Pods/Target Support Files/Pods-AudiohTests/Pods-AudiohTests.debug.xcconfig"; sourceTree = "<group>"; };
/* End PBXFileReference section */

/* Begin PBXFrameworksBuildPhase section */
		53CE9B4E1E2EAAAC00279818 /* Frameworks */ = {
			isa = PBXFrameworksBuildPhase;
			buildActionMask = 2147483647;
			files = (
				E458D560DBCCFEEAC84814C7 /* Pods_Audioh.framework in Frameworks */,
				5367EB871E2EAF4B00D4AC8B /* SpotifyAuthentication.framework in Frameworks */,
				5367EB861E2EAF4B00D4AC8B /* SpotifyAudioPlayback.framework in Frameworks */,
			);
			runOnlyForDeploymentPostprocessing = 0;
		};
		53CE9B621E2EAAAC00279818 /* Frameworks */ = {
			isa = PBXFrameworksBuildPhase;
			buildActionMask = 2147483647;
			files = (
				21ED7B7341F50FE81DA616E0 /* Pods_AudiohTests.framework in Frameworks */,
			);
			runOnlyForDeploymentPostprocessing = 0;
		};
		53CE9B6D1E2EAAAC00279818 /* Frameworks */ = {
			isa = PBXFrameworksBuildPhase;
			buildActionMask = 2147483647;
			files = (
				4062A5F34F76190AD7E52428 /* Pods_AudiohUITests.framework in Frameworks */,
			);
			runOnlyForDeploymentPostprocessing = 0;
		};
/* End PBXFrameworksBuildPhase section */

/* Begin PBXGroup section */
		5367EB7F1E2EAF0300D4AC8B /* Supporting Files */ = {
			isa = PBXGroup;
			children = (
				53CE9B541E2EAAAC00279818 /* AppDelegate.swift */,
				53CE9B5B1E2EAAAC00279818 /* Assets.xcassets */,
				53CE9B5D1E2EAAAC00279818 /* LaunchScreen.storyboard */,
				53CE9B601E2EAAAC00279818 /* Info.plist */,
			);
			name = "Supporting Files";
			sourceTree = "<group>";
		};
		5367EB801E2EAF1100D4AC8B /* Models */ = {
			isa = PBXGroup;
			children = (
				533E7C5D1E2EBDD700E2D35F /* User.swift */,
			);
			name = Models;
			sourceTree = "<group>";
		};
		5367EB811E2EAF1600D4AC8B /* Views */ = {
			isa = PBXGroup;
			children = (
			);
			name = Views;
			sourceTree = "<group>";
		};
		5367EB821E2EAF1800D4AC8B /* Controllers */ = {
			isa = PBXGroup;
			children = (
			);
			name = Controllers;
			sourceTree = "<group>";
		};
		5367EB831E2EAF3600D4AC8B /* Storyboards */ = {
			isa = PBXGroup;
			children = (
				53CE9B581E2EAAAC00279818 /* Main.storyboard */,
			);
			name = Storyboards;
			sourceTree = "<group>";
		};
		53CE9B481E2EAAAC00279818 = {
			isa = PBXGroup;
			children = (
				53872E2B1E2EC2FE003C20A9 /* Audioh-Bridging-Header.h */,
				53CE9B531E2EAAAC00279818 /* Audioh */,
				53CE9B681E2EAAAC00279818 /* AudiohTests */,
				53CE9B731E2EAAAC00279818 /* AudiohUITests */,
				53CE9B521E2EAAAC00279818 /* Products */,
				BE4335BECA55543BE08C4AD9 /* Pods */,
				B34FE777AD04CD6F134A9D97 /* Frameworks */,
			);
			sourceTree = "<group>";
		};
		53CE9B521E2EAAAC00279818 /* Products */ = {
			isa = PBXGroup;
			children = (
				53CE9B511E2EAAAC00279818 /* Audioh.app */,
				53CE9B651E2EAAAC00279818 /* AudiohTests.xctest */,
				53CE9B701E2EAAAC00279818 /* AudiohUITests.xctest */,
			);
			name = Products;
			sourceTree = "<group>";
		};
		53CE9B531E2EAAAC00279818 /* Audioh */ = {
			isa = PBXGroup;
			children = (
				5367EB831E2EAF3600D4AC8B /* Storyboards */,
				5367EB801E2EAF1100D4AC8B /* Models */,
				5367EB811E2EAF1600D4AC8B /* Views */,
				5367EB821E2EAF1800D4AC8B /* Controllers */,
				5367EB7F1E2EAF0300D4AC8B /* Supporting Files */,
			);
			path = Audioh;
			sourceTree = "<group>";
		};
		53CE9B681E2EAAAC00279818 /* AudiohTests */ = {
			isa = PBXGroup;
			children = (
				53CE9B691E2EAAAC00279818 /* AudiohTests.swift */,
				53CE9B6B1E2EAAAC00279818 /* Info.plist */,
			);
			path = AudiohTests;
			sourceTree = "<group>";
		};
		53CE9B731E2EAAAC00279818 /* AudiohUITests */ = {
			isa = PBXGroup;
			children = (
				53CE9B741E2EAAAC00279818 /* AudiohUITests.swift */,
				53CE9B761E2EAAAC00279818 /* Info.plist */,
			);
			path = AudiohUITests;
			sourceTree = "<group>";
		};
		B34FE777AD04CD6F134A9D97 /* Frameworks */ = {
			isa = PBXGroup;
			children = (
				5367EB841E2EAF4B00D4AC8B /* SpotifyAudioPlayback.framework */,
				5367EB851E2EAF4B00D4AC8B /* SpotifyAuthentication.framework */,
				7572CDF000FA3B0ACF9CC3B3 /* Pods_Audioh.framework */,
				7FBF092ECD5182B4733BC0CB /* Pods_AudiohTests.framework */,
				BA1FD757FE82CBAD3E80556B /* Pods_AudiohUITests.framework */,
			);
			name = Frameworks;
			sourceTree = "<group>";
		};
		BE4335BECA55543BE08C4AD9 /* Pods */ = {
			isa = PBXGroup;
			children = (
				38818837BF5725D7A9230608 /* Pods-Audioh.debug.xcconfig */,
				062422CDD793CD3A0BE431F4 /* Pods-Audioh.release.xcconfig */,
				C34C8747CAE110398F2B3180 /* Pods-AudiohTests.debug.xcconfig */,
				688AA0DF4E89723C79911D6A /* Pods-AudiohTests.release.xcconfig */,
				B832B89894FD1B78C5BB5DFD /* Pods-AudiohUITests.debug.xcconfig */,
				610B7E7A9260E6209D5FA907 /* Pods-AudiohUITests.release.xcconfig */,
			);
			name = Pods;
			sourceTree = "<group>";
		};
/* End PBXGroup section */

/* Begin PBXNativeTarget section */
		53CE9B501E2EAAAC00279818 /* Audioh */ = {
			isa = PBXNativeTarget;
			buildConfigurationList = 53CE9B791E2EAAAC00279818 /* Build configuration list for PBXNativeTarget "Audioh" */;
			buildPhases = (
				8EA11E0D2BE3B1130E98B23A /* [CP] Check Pods Manifest.lock */,
				53CE9B4D1E2EAAAC00279818 /* Sources */,
				53CE9B4E1E2EAAAC00279818 /* Frameworks */,
				53CE9B4F1E2EAAAC00279818 /* Resources */,
				A2CC975832F2C096E9C05623 /* [CP] Embed Pods Frameworks */,
				EAB09795EA13019B2BF6A539 /* [CP] Copy Pods Resources */,
			);
			buildRules = (
			);
			dependencies = (
			);
			name = Audioh;
			productName = Audioh;
			productReference = 53CE9B511E2EAAAC00279818 /* Audioh.app */;
			productType = "com.apple.product-type.application";
		};
		53CE9B641E2EAAAC00279818 /* AudiohTests */ = {
			isa = PBXNativeTarget;
			buildConfigurationList = 53CE9B7C1E2EAAAC00279818 /* Build configuration list for PBXNativeTarget "AudiohTests" */;
			buildPhases = (
				35F314250CB408ED21E8A4E2 /* [CP] Check Pods Manifest.lock */,
				53CE9B611E2EAAAC00279818 /* Sources */,
				53CE9B621E2EAAAC00279818 /* Frameworks */,
				53CE9B631E2EAAAC00279818 /* Resources */,
				6BB029A52620852E3D372AA4 /* [CP] Embed Pods Frameworks */,
				4570E6E655134FD86A3F7BAB /* [CP] Copy Pods Resources */,
			);
			buildRules = (
			);
			dependencies = (
				53CE9B671E2EAAAC00279818 /* PBXTargetDependency */,
			);
			name = AudiohTests;
			productName = AudiohTests;
			productReference = 53CE9B651E2EAAAC00279818 /* AudiohTests.xctest */;
			productType = "com.apple.product-type.bundle.unit-test";
		};
		53CE9B6F1E2EAAAC00279818 /* AudiohUITests */ = {
			isa = PBXNativeTarget;
			buildConfigurationList = 53CE9B7F1E2EAAAC00279818 /* Build configuration list for PBXNativeTarget "AudiohUITests" */;
			buildPhases = (
				678D43F2C52BFD8C5AC8C496 /* [CP] Check Pods Manifest.lock */,
				53CE9B6C1E2EAAAC00279818 /* Sources */,
				53CE9B6D1E2EAAAC00279818 /* Frameworks */,
				53CE9B6E1E2EAAAC00279818 /* Resources */,
				74EB9F1176C497804D03B0FB /* [CP] Embed Pods Frameworks */,
				5081CEBA790E5F0A1FC9CB4F /* [CP] Copy Pods Resources */,
			);
			buildRules = (
			);
			dependencies = (
				53CE9B721E2EAAAC00279818 /* PBXTargetDependency */,
			);
			name = AudiohUITests;
			productName = AudiohUITests;
			productReference = 53CE9B701E2EAAAC00279818 /* AudiohUITests.xctest */;
			productType = "com.apple.product-type.bundle.ui-testing";
		};
/* End PBXNativeTarget section */

/* Begin PBXProject section */
		53CE9B491E2EAAAC00279818 /* Project object */ = {
			isa = PBXProject;
			attributes = {
				LastSwiftUpdateCheck = 0820;
				LastUpgradeCheck = 0820;
				ORGANIZATIONNAME = "Charles Kang";
				TargetAttributes = {
					53CE9B501E2EAAAC00279818 = {
						CreatedOnToolsVersion = 8.2.1;
						DevelopmentTeam = 735G6X6W9B;
						ProvisioningStyle = Automatic;
					};
					53CE9B641E2EAAAC00279818 = {
						CreatedOnToolsVersion = 8.2.1;
						DevelopmentTeam = 735G6X6W9B;
						ProvisioningStyle = Automatic;
						TestTargetID = 53CE9B501E2EAAAC00279818;
					};
					53CE9B6F1E2EAAAC00279818 = {
						CreatedOnToolsVersion = 8.2.1;
						DevelopmentTeam = 735G6X6W9B;
						ProvisioningStyle = Automatic;
						TestTargetID = 53CE9B501E2EAAAC00279818;
					};
				};
			};
			buildConfigurationList = 53CE9B4C1E2EAAAC00279818 /* Build configuration list for PBXProject "Audioh" */;
			compatibilityVersion = "Xcode 3.2";
			developmentRegion = English;
			hasScannedForEncodings = 0;
			knownRegions = (
				en,
				Base,
			);
			mainGroup = 53CE9B481E2EAAAC00279818;
			productRefGroup = 53CE9B521E2EAAAC00279818 /* Products */;
			projectDirPath = "";
			projectRoot = "";
			targets = (
				53CE9B501E2EAAAC00279818 /* Audioh */,
				53CE9B641E2EAAAC00279818 /* AudiohTests */,
				53CE9B6F1E2EAAAC00279818 /* AudiohUITests */,
			);
		};
/* End PBXProject section */

/* Begin PBXResourcesBuildPhase section */
		53CE9B4F1E2EAAAC00279818 /* Resources */ = {
			isa = PBXResourcesBuildPhase;
			buildActionMask = 2147483647;
			files = (
				53CE9B5F1E2EAAAC00279818 /* LaunchScreen.storyboard in Resources */,
				53CE9B5C1E2EAAAC00279818 /* Assets.xcassets in Resources */,
				53CE9B5A1E2EAAAC00279818 /* Main.storyboard in Resources */,
			);
			runOnlyForDeploymentPostprocessing = 0;
		};
		53CE9B631E2EAAAC00279818 /* Resources */ = {
			isa = PBXResourcesBuildPhase;
			buildActionMask = 2147483647;
			files = (
			);
			runOnlyForDeploymentPostprocessing = 0;
		};
		53CE9B6E1E2EAAAC00279818 /* Resources */ = {
			isa = PBXResourcesBuildPhase;
			buildActionMask = 2147483647;
			files = (
			);
			runOnlyForDeploymentPostprocessing = 0;
		};
/* End PBXResourcesBuildPhase section */

/* Begin PBXShellScriptBuildPhase section */
		35F314250CB408ED21E8A4E2 /* [CP] Check Pods Manifest.lock */ = {
			isa = PBXShellScriptBuildPhase;
			buildActionMask = 2147483647;
			files = (
			);
			inputPaths = (
			);
			name = "[CP] Check Pods Manifest.lock";
			outputPaths = (
			);
			runOnlyForDeploymentPostprocessing = 0;
			shellPath = /bin/sh;
			shellScript = "diff \"${PODS_ROOT}/../Podfile.lock\" \"${PODS_ROOT}/Manifest.lock\" > /dev/null\nif [ $? != 0 ] ; then\n    # print error to STDERR\n    echo \"error: The sandbox is not in sync with the Podfile.lock. Run 'pod install' or update your CocoaPods installation.\" >&2\n    exit 1\nfi\n";
			showEnvVarsInLog = 0;
		};
		4570E6E655134FD86A3F7BAB /* [CP] Copy Pods Resources */ = {
			isa = PBXShellScriptBuildPhase;
			buildActionMask = 2147483647;
			files = (
			);
			inputPaths = (
			);
			name = "[CP] Copy Pods Resources";
			outputPaths = (
			);
			runOnlyForDeploymentPostprocessing = 0;
			shellPath = /bin/sh;
			shellScript = "\"${SRCROOT}/Pods/Target Support Files/Pods-AudiohTests/Pods-AudiohTests-resources.sh\"\n";
			showEnvVarsInLog = 0;
		};
		5081CEBA790E5F0A1FC9CB4F /* [CP] Copy Pods Resources */ = {
			isa = PBXShellScriptBuildPhase;
			buildActionMask = 2147483647;
			files = (
			);
			inputPaths = (
			);
			name = "[CP] Copy Pods Resources";
			outputPaths = (
			);
			runOnlyForDeploymentPostprocessing = 0;
			shellPath = /bin/sh;
			shellScript = "\"${SRCROOT}/Pods/Target Support Files/Pods-AudiohUITests/Pods-AudiohUITests-resources.sh\"\n";
			showEnvVarsInLog = 0;
		};
		678D43F2C52BFD8C5AC8C496 /* [CP] Check Pods Manifest.lock */ = {
			isa = PBXShellScriptBuildPhase;
			buildActionMask = 2147483647;
			files = (
			);
			inputPaths = (
			);
			name = "[CP] Check Pods Manifest.lock";
			outputPaths = (
			);
			runOnlyForDeploymentPostprocessing = 0;
			shellPath = /bin/sh;
			shellScript = "diff \"${PODS_ROOT}/../Podfile.lock\" \"${PODS_ROOT}/Manifest.lock\" > /dev/null\nif [ $? != 0 ] ; then\n    # print error to STDERR\n    echo \"error: The sandbox is not in sync with the Podfile.lock. Run 'pod install' or update your CocoaPods installation.\" >&2\n    exit 1\nfi\n";
			showEnvVarsInLog = 0;
		};
		6BB029A52620852E3D372AA4 /* [CP] Embed Pods Frameworks */ = {
			isa = PBXShellScriptBuildPhase;
			buildActionMask = 2147483647;
			files = (
			);
			inputPaths = (
			);
			name = "[CP] Embed Pods Frameworks";
			outputPaths = (
			);
			runOnlyForDeploymentPostprocessing = 0;
			shellPath = /bin/sh;
			shellScript = "\"${SRCROOT}/Pods/Target Support Files/Pods-AudiohTests/Pods-AudiohTests-frameworks.sh\"\n";
			showEnvVarsInLog = 0;
		};
		74EB9F1176C497804D03B0FB /* [CP] Embed Pods Frameworks */ = {
			isa = PBXShellScriptBuildPhase;
			buildActionMask = 2147483647;
			files = (
			);
			inputPaths = (
			);
			name = "[CP] Embed Pods Frameworks";
			outputPaths = (
			);
			runOnlyForDeploymentPostprocessing = 0;
			shellPath = /bin/sh;
			shellScript = "\"${SRCROOT}/Pods/Target Support Files/Pods-AudiohUITests/Pods-AudiohUITests-frameworks.sh\"\n";
			showEnvVarsInLog = 0;
		};
		8EA11E0D2BE3B1130E98B23A /* [CP] Check Pods Manifest.lock */ = {
			isa = PBXShellScriptBuildPhase;
			buildActionMask = 2147483647;
			files = (
			);
			inputPaths = (
			);
			name = "[CP] Check Pods Manifest.lock";
			outputPaths = (
			);
			runOnlyForDeploymentPostprocessing = 0;
			shellPath = /bin/sh;
			shellScript = "diff \"${PODS_ROOT}/../Podfile.lock\" \"${PODS_ROOT}/Manifest.lock\" > /dev/null\nif [ $? != 0 ] ; then\n    # print error to STDERR\n    echo \"error: The sandbox is not in sync with the Podfile.lock. Run 'pod install' or update your CocoaPods installation.\" >&2\n    exit 1\nfi\n";
			showEnvVarsInLog = 0;
		};
		A2CC975832F2C096E9C05623 /* [CP] Embed Pods Frameworks */ = {
			isa = PBXShellScriptBuildPhase;
			buildActionMask = 2147483647;
			files = (
			);
			inputPaths = (
			);
			name = "[CP] Embed Pods Frameworks";
			outputPaths = (
			);
			runOnlyForDeploymentPostprocessing = 0;
			shellPath = /bin/sh;
			shellScript = "\"${SRCROOT}/Pods/Target Support Files/Pods-Audioh/Pods-Audioh-frameworks.sh\"\n";
			showEnvVarsInLog = 0;
		};
		EAB09795EA13019B2BF6A539 /* [CP] Copy Pods Resources */ = {
			isa = PBXShellScriptBuildPhase;
			buildActionMask = 2147483647;
			files = (
			);
			inputPaths = (
			);
			name = "[CP] Copy Pods Resources";
			outputPaths = (
			);
			runOnlyForDeploymentPostprocessing = 0;
			shellPath = /bin/sh;
			shellScript = "\"${SRCROOT}/Pods/Target Support Files/Pods-Audioh/Pods-Audioh-resources.sh\"\n";
			showEnvVarsInLog = 0;
		};
/* End PBXShellScriptBuildPhase section */

/* Begin PBXSourcesBuildPhase section */
		53CE9B4D1E2EAAAC00279818 /* Sources */ = {
			isa = PBXSourcesBuildPhase;
			buildActionMask = 2147483647;
			files = (
				53CE9B551E2EAAAC00279818 /* AppDelegate.swift in Sources */,
				533E7C5E1E2EBDD700E2D35F /* User.swift in Sources */,
			);
			runOnlyForDeploymentPostprocessing = 0;
		};
		53CE9B611E2EAAAC00279818 /* Sources */ = {
			isa = PBXSourcesBuildPhase;
			buildActionMask = 2147483647;
			files = (
				53CE9B6A1E2EAAAC00279818 /* AudiohTests.swift in Sources */,
			);
			runOnlyForDeploymentPostprocessing = 0;
		};
		53CE9B6C1E2EAAAC00279818 /* Sources */ = {
			isa = PBXSourcesBuildPhase;
			buildActionMask = 2147483647;
			files = (
				53CE9B751E2EAAAC00279818 /* AudiohUITests.swift in Sources */,
			);
			runOnlyForDeploymentPostprocessing = 0;
		};
/* End PBXSourcesBuildPhase section */

/* Begin PBXTargetDependency section */
		53CE9B671E2EAAAC00279818 /* PBXTargetDependency */ = {
			isa = PBXTargetDependency;
			target = 53CE9B501E2EAAAC00279818 /* Audioh */;
			targetProxy = 53CE9B661E2EAAAC00279818 /* PBXContainerItemProxy */;
		};
		53CE9B721E2EAAAC00279818 /* PBXTargetDependency */ = {
			isa = PBXTargetDependency;
			target = 53CE9B501E2EAAAC00279818 /* Audioh */;
			targetProxy = 53CE9B711E2EAAAC00279818 /* PBXContainerItemProxy */;
		};
/* End PBXTargetDependency section */

/* Begin PBXVariantGroup section */
		53CE9B581E2EAAAC00279818 /* Main.storyboard */ = {
			isa = PBXVariantGroup;
			children = (
				53CE9B591E2EAAAC00279818 /* Base */,
			);
			name = Main.storyboard;
			sourceTree = "<group>";
		};
		53CE9B5D1E2EAAAC00279818 /* LaunchScreen.storyboard */ = {
			isa = PBXVariantGroup;
			children = (
				53CE9B5E1E2EAAAC00279818 /* Base */,
			);
			name = LaunchScreen.storyboard;
			sourceTree = "<group>";
		};
/* End PBXVariantGroup section */

/* Begin XCBuildConfiguration section */
		53CE9B771E2EAAAC00279818 /* Debug */ = {
			isa = XCBuildConfiguration;
			buildSettings = {
				ALWAYS_SEARCH_USER_PATHS = NO;
				CLANG_ANALYZER_NONNULL = YES;
				CLANG_CXX_LANGUAGE_STANDARD = "gnu++0x";
				CLANG_CXX_LIBRARY = "libc++";
				CLANG_ENABLE_MODULES = YES;
				CLANG_ENABLE_OBJC_ARC = YES;
				CLANG_WARN_BOOL_CONVERSION = YES;
				CLANG_WARN_CONSTANT_CONVERSION = YES;
				CLANG_WARN_DIRECT_OBJC_ISA_USAGE = YES_ERROR;
				CLANG_WARN_DOCUMENTATION_COMMENTS = YES;
				CLANG_WARN_EMPTY_BODY = YES;
				CLANG_WARN_ENUM_CONVERSION = YES;
				CLANG_WARN_INFINITE_RECURSION = YES;
				CLANG_WARN_INT_CONVERSION = YES;
				CLANG_WARN_OBJC_ROOT_CLASS = YES_ERROR;
				CLANG_WARN_SUSPICIOUS_MOVE = YES;
				CLANG_WARN_UNREACHABLE_CODE = YES;
				CLANG_WARN__DUPLICATE_METHOD_MATCH = YES;
				"CODE_SIGN_IDENTITY[sdk=iphoneos*]" = "iPhone Developer";
				COPY_PHASE_STRIP = NO;
				DEBUG_INFORMATION_FORMAT = dwarf;
				ENABLE_STRICT_OBJC_MSGSEND = YES;
				ENABLE_TESTABILITY = YES;
				GCC_C_LANGUAGE_STANDARD = gnu99;
				GCC_DYNAMIC_NO_PIC = NO;
				GCC_NO_COMMON_BLOCKS = YES;
				GCC_OPTIMIZATION_LEVEL = 0;
				GCC_PREPROCESSOR_DEFINITIONS = (
					"DEBUG=1",
					"$(inherited)",
				);
				GCC_WARN_64_TO_32_BIT_CONVERSION = YES;
				GCC_WARN_ABOUT_RETURN_TYPE = YES_ERROR;
				GCC_WARN_UNDECLARED_SELECTOR = YES;
				GCC_WARN_UNINITIALIZED_AUTOS = YES_AGGRESSIVE;
				GCC_WARN_UNUSED_FUNCTION = YES;
				GCC_WARN_UNUSED_VARIABLE = YES;
				IPHONEOS_DEPLOYMENT_TARGET = 10.2;
				MTL_ENABLE_DEBUG_INFO = YES;
				ONLY_ACTIVE_ARCH = YES;
				SDKROOT = iphoneos;
				SWIFT_ACTIVE_COMPILATION_CONDITIONS = DEBUG;
				SWIFT_OPTIMIZATION_LEVEL = "-Onone";
			};
			name = Debug;
		};
		53CE9B781E2EAAAC00279818 /* Release */ = {
			isa = XCBuildConfiguration;
			buildSettings = {
				ALWAYS_SEARCH_USER_PATHS = NO;
				CLANG_ANALYZER_NONNULL = YES;
				CLANG_CXX_LANGUAGE_STANDARD = "gnu++0x";
				CLANG_CXX_LIBRARY = "libc++";
				CLANG_ENABLE_MODULES = YES;
				CLANG_ENABLE_OBJC_ARC = YES;
				CLANG_WARN_BOOL_CONVERSION = YES;
				CLANG_WARN_CONSTANT_CONVERSION = YES;
				CLANG_WARN_DIRECT_OBJC_ISA_USAGE = YES_ERROR;
				CLANG_WARN_DOCUMENTATION_COMMENTS = YES;
				CLANG_WARN_EMPTY_BODY = YES;
				CLANG_WARN_ENUM_CONVERSION = YES;
				CLANG_WARN_INFINITE_RECURSION = YES;
				CLANG_WARN_INT_CONVERSION = YES;
				CLANG_WARN_OBJC_ROOT_CLASS = YES_ERROR;
				CLANG_WARN_SUSPICIOUS_MOVE = YES;
				CLANG_WARN_UNREACHABLE_CODE = YES;
				CLANG_WARN__DUPLICATE_METHOD_MATCH = YES;
				"CODE_SIGN_IDENTITY[sdk=iphoneos*]" = "iPhone Developer";
				COPY_PHASE_STRIP = NO;
				DEBUG_INFORMATION_FORMAT = "dwarf-with-dsym";
				ENABLE_NS_ASSERTIONS = NO;
				ENABLE_STRICT_OBJC_MSGSEND = YES;
				GCC_C_LANGUAGE_STANDARD = gnu99;
				GCC_NO_COMMON_BLOCKS = YES;
				GCC_WARN_64_TO_32_BIT_CONVERSION = YES;
				GCC_WARN_ABOUT_RETURN_TYPE = YES_ERROR;
				GCC_WARN_UNDECLARED_SELECTOR = YES;
				GCC_WARN_UNINITIALIZED_AUTOS = YES_AGGRESSIVE;
				GCC_WARN_UNUSED_FUNCTION = YES;
				GCC_WARN_UNUSED_VARIABLE = YES;
				IPHONEOS_DEPLOYMENT_TARGET = 10.2;
				MTL_ENABLE_DEBUG_INFO = NO;
				SDKROOT = iphoneos;
				SWIFT_OPTIMIZATION_LEVEL = "-Owholemodule";
				VALIDATE_PRODUCT = YES;
			};
			name = Release;
		};
		53CE9B7A1E2EAAAC00279818 /* Debug */ = {
			isa = XCBuildConfiguration;
			baseConfigurationReference = 38818837BF5725D7A9230608 /* Pods-Audioh.debug.xcconfig */;
			buildSettings = {
				ASSETCATALOG_COMPILER_APPICON_NAME = AppIcon;
				DEVELOPMENT_TEAM = 735G6X6W9B;
				FRAMEWORK_SEARCH_PATHS = (
					"$(inherited)",
					"$(PROJECT_DIR)",
				);
				INFOPLIST_FILE = Audioh/Info.plist;
				LD_RUNPATH_SEARCH_PATHS = "$(inherited) @executable_path/Frameworks";
				PRODUCT_BUNDLE_IDENTIFIER = com.charleshkang.Audioh;
				PRODUCT_NAME = "$(TARGET_NAME)";
				SWIFT_OBJC_BRIDGING_HEADER = "Audioh-Bridging-Header.h";
				SWIFT_VERSION = 3.0;
			};
			name = Debug;
		};
		53CE9B7B1E2EAAAC00279818 /* Release */ = {
			isa = XCBuildConfiguration;
			baseConfigurationReference = 062422CDD793CD3A0BE431F4 /* Pods-Audioh.release.xcconfig */;
			buildSettings = {
				ASSETCATALOG_COMPILER_APPICON_NAME = AppIcon;
				DEVELOPMENT_TEAM = 735G6X6W9B;
				FRAMEWORK_SEARCH_PATHS = (
					"$(inherited)",
					"$(PROJECT_DIR)",
				);
				INFOPLIST_FILE = Audioh/Info.plist;
				LD_RUNPATH_SEARCH_PATHS = "$(inherited) @executable_path/Frameworks";
				PRODUCT_BUNDLE_IDENTIFIER = com.charleshkang.Audioh;
				PRODUCT_NAME = "$(TARGET_NAME)";
				SWIFT_OBJC_BRIDGING_HEADER = "Audioh-Bridging-Header.h";
				SWIFT_VERSION = 3.0;
			};
			name = Release;
		};
		53CE9B7D1E2EAAAC00279818 /* Debug */ = {
			isa = XCBuildConfiguration;
			baseConfigurationReference = C34C8747CAE110398F2B3180 /* Pods-AudiohTests.debug.xcconfig */;
			buildSettings = {
				ALWAYS_EMBED_SWIFT_STANDARD_LIBRARIES = YES;
				BUNDLE_LOADER = "$(TEST_HOST)";
				DEVELOPMENT_TEAM = 735G6X6W9B;
				INFOPLIST_FILE = AudiohTests/Info.plist;
				LD_RUNPATH_SEARCH_PATHS = "$(inherited) @executable_path/Frameworks @loader_path/Frameworks";
				PRODUCT_BUNDLE_IDENTIFIER = com.charleshkang.AudiohTests;
				PRODUCT_NAME = "$(TARGET_NAME)";
				SWIFT_VERSION = 3.0;
				TEST_HOST = "$(BUILT_PRODUCTS_DIR)/Audioh.app/Audioh";
			};
			name = Debug;
		};
		53CE9B7E1E2EAAAC00279818 /* Release */ = {
			isa = XCBuildConfiguration;
			baseConfigurationReference = 688AA0DF4E89723C79911D6A /* Pods-AudiohTests.release.xcconfig */;
			buildSettings = {
				ALWAYS_EMBED_SWIFT_STANDARD_LIBRARIES = YES;
				BUNDLE_LOADER = "$(TEST_HOST)";
				DEVELOPMENT_TEAM = 735G6X6W9B;
				INFOPLIST_FILE = AudiohTests/Info.plist;
				LD_RUNPATH_SEARCH_PATHS = "$(inherited) @executable_path/Frameworks @loader_path/Frameworks";
				PRODUCT_BUNDLE_IDENTIFIER = com.charleshkang.AudiohTests;
				PRODUCT_NAME = "$(TARGET_NAME)";
				SWIFT_VERSION = 3.0;
				TEST_HOST = "$(BUILT_PRODUCTS_DIR)/Audioh.app/Audioh";
			};
			name = Release;
		};
		53CE9B801E2EAAAC00279818 /* Debug */ = {
			isa = XCBuildConfiguration;
			baseConfigurationReference = B832B89894FD1B78C5BB5DFD /* Pods-AudiohUITests.debug.xcconfig */;
			buildSettings = {
				ALWAYS_EMBED_SWIFT_STANDARD_LIBRARIES = YES;
				DEVELOPMENT_TEAM = 735G6X6W9B;
				INFOPLIST_FILE = AudiohUITests/Info.plist;
				LD_RUNPATH_SEARCH_PATHS = "$(inherited) @executable_path/Frameworks @loader_path/Frameworks";
				PRODUCT_BUNDLE_IDENTIFIER = com.charleshkang.AudiohUITests;
				PRODUCT_NAME = "$(TARGET_NAME)";
				SWIFT_VERSION = 3.0;
				TEST_TARGET_NAME = Audioh;
			};
			name = Debug;
		};
		53CE9B811E2EAAAC00279818 /* Release */ = {
			isa = XCBuildConfiguration;
			baseConfigurationReference = 610B7E7A9260E6209D5FA907 /* Pods-AudiohUITests.release.xcconfig */;
			buildSettings = {
				ALWAYS_EMBED_SWIFT_STANDARD_LIBRARIES = YES;
				DEVELOPMENT_TEAM = 735G6X6W9B;
				INFOPLIST_FILE = AudiohUITests/Info.plist;
				LD_RUNPATH_SEARCH_PATHS = "$(inherited) @executable_path/Frameworks @loader_path/Frameworks";
				PRODUCT_BUNDLE_IDENTIFIER = com.charleshkang.AudiohUITests;
				PRODUCT_NAME = "$(TARGET_NAME)";
				SWIFT_VERSION = 3.0;
				TEST_TARGET_NAME = Audioh;
			};
			name = Release;
		};
/* End XCBuildConfiguration section */

/* Begin XCConfigurationList section */
		53CE9B4C1E2EAAAC00279818 /* Build configuration list for PBXProject "Audioh" */ = {
			isa = XCConfigurationList;
			buildConfigurations = (
				53CE9B771E2EAAAC00279818 /* Debug */,
				53CE9B781E2EAAAC00279818 /* Release */,
			);
			defaultConfigurationIsVisible = 0;
			defaultConfigurationName = Release;
		};
		53CE9B791E2EAAAC00279818 /* Build configuration list for PBXNativeTarget "Audioh" */ = {
			isa = XCConfigurationList;
			buildConfigurations = (
				53CE9B7A1E2EAAAC00279818 /* Debug */,
				53CE9B7B1E2EAAAC00279818 /* Release */,
			);
			defaultConfigurationIsVisible = 0;
			defaultConfigurationName = Release;
		};
		53CE9B7C1E2EAAAC00279818 /* Build configuration list for PBXNativeTarget "AudiohTests" */ = {
			isa = XCConfigurationList;
			buildConfigurations = (
				53CE9B7D1E2EAAAC00279818 /* Debug */,
				53CE9B7E1E2EAAAC00279818 /* Release */,
			);
			defaultConfigurationIsVisible = 0;
			defaultConfigurationName = Release;
		};
		53CE9B7F1E2EAAAC00279818 /* Build configuration list for PBXNativeTarget "AudiohUITests" */ = {
			isa = XCConfigurationList;
			buildConfigurations = (
				53CE9B801E2EAAAC00279818 /* Debug */,
				53CE9B811E2EAAAC00279818 /* Release */,
			);
			defaultConfigurationIsVisible = 0;
			defaultConfigurationName = Release;
		};
/* End XCConfigurationList section */
	};
	rootObject = 53CE9B491E2EAAAC00279818 /* Project object */;
}
